{
  "requires": true,
  "lockfileVersion": 1,
  "dependencies": {
    "@types/node": {
      "version": "14.0.26",
      "resolved": "https://registry.npmjs.org/@types/node/-/node-14.0.26.tgz",
      "integrity": "sha512-W+fpe5s91FBGE0pEa0lnqGLL4USgpLgs4nokw16SrBBco/gQxuua7KnArSEOd5iaMqbbSHV10vUDkJYJJqpXKA=="
    },
    "abab": {
      "version": "2.0.3",
      "resolved": "https://registry.npmjs.org/abab/-/abab-2.0.3.tgz",
      "integrity": "sha512-tsFzPpcttalNjFBCFMqsKYQcWxxen1pgJR56by//QwvJc4/OUS3kPOOttx2tSIfjsylB0pYu7f5D3K1RCxUnUg=="
    },
    "acorn": {
      "version": "7.3.1",
      "resolved": "https://registry.npmjs.org/acorn/-/acorn-7.3.1.tgz",
      "integrity": "sha512-tLc0wSnatxAQHVHUapaHdz72pi9KUyHjq5KyHjGg9Y8Ifdc79pTh2XvI6I1/chZbnM7QtNKzh66ooDogPZSleA=="
    },
    "acorn-globals": {
      "version": "6.0.0",
      "resolved": "https://registry.npmjs.org/acorn-globals/-/acorn-globals-6.0.0.tgz",
      "integrity": "sha512-ZQl7LOWaF5ePqqcX4hLuv/bLXYQNfNWw2c0/yX/TsPRKamzHcTGQnlCjHT3TsmkOUVEPS3crCxiPfdzE/Trlhg==",
      "requires": {
        "acorn": "^7.1.1",
        "acorn-walk": "^7.1.1"
      }
    },
    "acorn-walk": {
      "version": "7.2.0",
      "resolved": "https://registry.npmjs.org/acorn-walk/-/acorn-walk-7.2.0.tgz",
      "integrity": "sha512-OPdCF6GsMIP+Az+aWfAAOEt2/+iVDKE7oy6lJ098aoe59oAmK76qV6Gw60SbZ8jHuG2wH058GF4pLFbYamYrVA=="
    },
    "ajv": {
      "version": "6.12.3",
      "resolved": "https://registry.npmjs.org/ajv/-/ajv-6.12.3.tgz",
      "integrity": "sha512-4K0cK3L1hsqk9xIb2z9vs/XU+PGJZ9PNpJRDS9YLzmNdX6jmVPfamLvTJr0aDAusnHyCHO6MjzlkAsgtqp9teA==",
      "requires": {
        "fast-deep-equal": "^3.1.1",
        "fast-json-stable-stringify": "^2.0.0",
        "json-schema-traverse": "^0.4.1",
        "uri-js": "^4.2.2"
      }
    },
    "ansi-red": {
      "version": "0.1.1",
      "resolved": "https://registry.npmjs.org/ansi-red/-/ansi-red-0.1.1.tgz",
      "integrity": "sha1-jGOPnRCAgAo1PJwoyKgcpHBdlGw=",
      "requires": {
        "ansi-wrap": "0.1.0"
      }
    },
    "ansi-wrap": {
      "version": "0.1.0",
      "resolved": "https://registry.npmjs.org/ansi-wrap/-/ansi-wrap-0.1.0.tgz",
      "integrity": "sha1-qCJQ3bABXponyoLoLqYDu/pF768="
    },
    "argparse": {
      "version": "1.0.10",
      "resolved": "https://registry.npmjs.org/argparse/-/argparse-1.0.10.tgz",
      "integrity": "sha512-o5Roy6tNG4SL/FOkCAN6RzjiakZS25RLYFrcMttJqbdd8BWrnA+fGz57iN5Pb06pvBGvl5gQ0B48dJlslXvoTg==",
      "requires": {
        "sprintf-js": "~1.0.2"
      }
    },
    "asn1": {
      "version": "0.2.4",
      "resolved": "https://registry.npmjs.org/asn1/-/asn1-0.2.4.tgz",
      "integrity": "sha512-jxwzQpLQjSmWXgwaCZE9Nz+glAG01yF1QnWgbhGwHI5A6FRIEY6IVqtHhIepHqI7/kyEyQEagBC5mBEFlIYvdg==",
      "requires": {
        "safer-buffer": "~2.1.0"
      }
    },
    "assert-plus": {
      "version": "1.0.0",
      "resolved": "https://registry.npmjs.org/assert-plus/-/assert-plus-1.0.0.tgz",
      "integrity": "sha1-8S4PPF13sLHN2RRpQuTpbB5N1SU="
    },
    "asynckit": {
      "version": "0.4.0",
      "resolved": "https://registry.npmjs.org/asynckit/-/asynckit-0.4.0.tgz",
      "integrity": "sha1-x57Zf380y48robyXkLzDZkdLS3k="
    },
    "autolinker": {
      "version": "0.28.1",
      "resolved": "https://registry.npmjs.org/autolinker/-/autolinker-0.28.1.tgz",
      "integrity": "sha1-BlK0kYgYefB3XazgzcoyM5QqTkc=",
      "requires": {
        "gulp-header": "^1.7.1"
      }
    },
    "aws-sign2": {
      "version": "0.7.0",
      "resolved": "https://registry.npmjs.org/aws-sign2/-/aws-sign2-0.7.0.tgz",
      "integrity": "sha1-tG6JCTSpWR8tL2+G1+ap8bP+dqg="
    },
    "aws4": {
      "version": "1.10.0",
      "resolved": "https://registry.npmjs.org/aws4/-/aws4-1.10.0.tgz",
      "integrity": "sha512-3YDiu347mtVtjpyV3u5kVqQLP242c06zwDOgpeRnybmXlYYsLbtTrUBUm8i8srONt+FWobl5aibnU1030PeeuA=="
    },
    "bcrypt-pbkdf": {
      "version": "1.0.2",
      "resolved": "https://registry.npmjs.org/bcrypt-pbkdf/-/bcrypt-pbkdf-1.0.2.tgz",
      "integrity": "sha1-pDAdOJtqQ/m2f/PKEaP2Y342Dp4=",
      "requires": {
        "tweetnacl": "^0.14.3"
      }
    },
    "browser-process-hrtime": {
      "version": "1.0.0",
      "resolved": "https://registry.npmjs.org/browser-process-hrtime/-/browser-process-hrtime-1.0.0.tgz",
      "integrity": "sha512-9o5UecI3GhkpM6DrXr69PblIuWxPKk9Y0jHBRhdocZ2y7YECBFCsHm79Pr3OyR2AvjhDkabFJaDJMYRazHgsow=="
    },
    "buffer-from": {
      "version": "1.1.1",
      "resolved": "https://registry.npmjs.org/buffer-from/-/buffer-from-1.1.1.tgz",
      "integrity": "sha512-MQcXEUbCKtEo7bhqEs6560Hyd4XaovZlO/k9V3hjVUF/zwW7KBVdSK4gIt/bzwS9MbR5qob+F5jusZsb0YQK2A=="
    },
    "caseless": {
      "version": "0.12.0",
      "resolved": "https://registry.npmjs.org/caseless/-/caseless-0.12.0.tgz",
      "integrity": "sha1-G2gcIf+EAzyCZUMJBolCDRhxUdw="
    },
    "coffee-script": {
      "version": "1.12.7",
      "resolved": "https://registry.npmjs.org/coffee-script/-/coffee-script-1.12.7.tgz",
      "integrity": "sha512-fLeEhqwymYat/MpTPUjSKHVYYl0ec2mOyALEMLmzr5i1isuG+6jfI2j2d5oBO3VIzgUXgBVIcOT9uH1TFxBckw=="
    },
    "combined-stream": {
      "version": "1.0.8",
      "resolved": "https://registry.npmjs.org/combined-stream/-/combined-stream-1.0.8.tgz",
      "integrity": "sha512-FQN4MRfuJeHf7cBbBMJFXhKSDq+2kAArBlmRBvcvFE5BB1HZKXtSFASDhdlz9zOYwxh8lDdnvmMOe/+5cdoEdg==",
      "requires": {
        "delayed-stream": "~1.0.0"
      }
    },
    "concat-stream": {
      "version": "1.6.2",
      "resolved": "https://registry.npmjs.org/concat-stream/-/concat-stream-1.6.2.tgz",
      "integrity": "sha512-27HBghJxjiZtIk3Ycvn/4kbJk/1uZuJFfuPEns6LaEvpvG1f0hTea8lilrouyo9mVc2GWdcEZ8OLoGmSADlrCw==",
      "requires": {
        "buffer-from": "^1.0.0",
        "inherits": "^2.0.3",
        "readable-stream": "^2.2.2",
        "typedarray": "^0.0.6"
      }
    },
    "concat-with-sourcemaps": {
      "version": "1.1.0",
      "resolved": "https://registry.npmjs.org/concat-with-sourcemaps/-/concat-with-sourcemaps-1.1.0.tgz",
      "integrity": "sha512-4gEjHJFT9e+2W/77h/DS5SGUgwDaOwprX8L/gl5+3ixnzkVJJsZWDSelmN3Oilw3LNDZjZV0yqH1hLG3k6nghg==",
      "requires": {
        "source-map": "^0.6.1"
      }
    },
    "core-util-is": {
      "version": "1.0.2",
      "resolved": "https://registry.npmjs.org/core-util-is/-/core-util-is-1.0.2.tgz",
      "integrity": "sha1-tf1UIgqivFq1eqtxQMlAdUUDwac="
    },
    "cssom": {
      "version": "0.4.4",
      "resolved": "https://registry.npmjs.org/cssom/-/cssom-0.4.4.tgz",
      "integrity": "sha512-p3pvU7r1MyyqbTk+WbNJIgJjG2VmTIaB10rI93LzVPrmDJKkzKYMtxxyAvQXR/NS6otuzveI7+7BBq3SjBS2mw=="
    },
    "cssstyle": {
      "version": "2.3.0",
      "resolved": "https://registry.npmjs.org/cssstyle/-/cssstyle-2.3.0.tgz",
      "integrity": "sha512-AZL67abkUzIuvcHqk7c09cezpGNcxUxU4Ioi/05xHk4DQeTkWmGYftIE6ctU6AEt+Gn4n1lDStOtj7FKycP71A==",
      "requires": {
        "cssom": "~0.3.6"
      },
      "dependencies": {
        "cssom": {
          "version": "0.3.8",
          "resolved": "https://registry.npmjs.org/cssom/-/cssom-0.3.8.tgz",
          "integrity": "sha512-b0tGHbfegbhPJpxpiBPU2sCkigAqtM9O121le6bbOlgyV+NyGyCmVfJ6QW9eRjz8CpNfWEOYBIMIGRYkLwsIYg=="
        }
      }
    },
    "dashdash": {
      "version": "1.14.1",
      "resolved": "https://registry.npmjs.org/dashdash/-/dashdash-1.14.1.tgz",
      "integrity": "sha1-hTz6D3y+L+1d4gMmuN1YEDX24vA=",
      "requires": {
        "assert-plus": "^1.0.0"
      }
    },
    "data-urls": {
      "version": "2.0.0",
      "resolved": "https://registry.npmjs.org/data-urls/-/data-urls-2.0.0.tgz",
      "integrity": "sha512-X5eWTSXO/BJmpdIKCRuKUgSCgAN0OwliVK3yPKbwIWU1Tdw5BRajxlzMidvh+gwko9AfQ9zIj52pzF91Q3YAvQ==",
      "requires": {
        "abab": "^2.0.3",
        "whatwg-mimetype": "^2.3.0",
        "whatwg-url": "^8.0.0"
      }
    },
    "decimal.js": {
      "version": "10.2.0",
      "resolved": "https://registry.npmjs.org/decimal.js/-/decimal.js-10.2.0.tgz",
      "integrity": "sha512-vDPw+rDgn3bZe1+F/pyEwb1oMG2XTlRVgAa6B4KccTEpYgF8w6eQllVbQcfIJnZyvzFtFpxnpGtx8dd7DJp/Rw=="
    },
    "deep-is": {
      "version": "0.1.3",
      "resolved": "https://registry.npmjs.org/deep-is/-/deep-is-0.1.3.tgz",
      "integrity": "sha1-s2nW+128E+7PUk+RsHD+7cNXzzQ="
    },
    "delayed-stream": {
      "version": "1.0.0",
      "resolved": "https://registry.npmjs.org/delayed-stream/-/delayed-stream-1.0.0.tgz",
      "integrity": "sha1-3zrhmayt+31ECqrgsp4icrJOxhk="
    },
    "diacritics-map": {
      "version": "0.1.0",
      "resolved": "https://registry.npmjs.org/diacritics-map/-/diacritics-map-0.1.0.tgz",
      "integrity": "sha1-bfwP+dAQAKLt8oZTccrDFulJd68="
    },
    "domexception": {
      "version": "2.0.1",
      "resolved": "https://registry.npmjs.org/domexception/-/domexception-2.0.1.tgz",
      "integrity": "sha512-yxJ2mFy/sibVQlu5qHjOkf9J3K6zgmCxgJ94u2EdvDOV09H+32LtRswEcUsmUWN72pVLOEnTSRaIVVzVQgS0dg==",
      "requires": {
        "webidl-conversions": "^5.0.0"
      },
      "dependencies": {
        "webidl-conversions": {
          "version": "5.0.0",
          "resolved": "https://registry.npmjs.org/webidl-conversions/-/webidl-conversions-5.0.0.tgz",
          "integrity": "sha512-VlZwKPCkYKxQgeSbH5EyngOmRp7Ww7I9rQLERETtf5ofd9pGeswWiOtogpEO850jziPRarreGxn5QIiTqpb2wA=="
        }
      }
    },
    "ecc-jsbn": {
      "version": "0.1.2",
      "resolved": "https://registry.npmjs.org/ecc-jsbn/-/ecc-jsbn-0.1.2.tgz",
      "integrity": "sha1-OoOpBOVDUyh4dMVkt1SThoSamMk=",
      "requires": {
        "jsbn": "~0.1.0",
        "safer-buffer": "^2.1.0"
      }
    },
    "entities": {
      "version": "2.0.3",
      "resolved": "https://registry.npmjs.org/entities/-/entities-2.0.3.tgz",
      "integrity": "sha512-MyoZ0jgnLvB2X3Lg5HqpFmn1kybDiIfEQmKzTb5apr51Rb+T3KdmMiqa70T+bhGnyv7bQ6WMj2QMHpGMmlrUYQ=="
    },
    "escodegen": {
      "version": "1.14.3",
      "resolved": "https://registry.npmjs.org/escodegen/-/escodegen-1.14.3.tgz",
      "integrity": "sha512-qFcX0XJkdg+PB3xjZZG/wKSuT1PnQWx57+TVSjIMmILd2yC/6ByYElPwJnslDsuWuSAp4AwJGumarAAmJch5Kw==",
      "requires": {
        "esprima": "^4.0.1",
        "estraverse": "^4.2.0",
        "esutils": "^2.0.2",
        "optionator": "^0.8.1",
        "source-map": "~0.6.1"
      }
    },
    "esprima": {
      "version": "4.0.1",
      "resolved": "https://registry.npmjs.org/esprima/-/esprima-4.0.1.tgz",
      "integrity": "sha512-eGuFFw7Upda+g4p+QHvnW0RyTX/SVeJBDM/gCtMARO0cLuT2HcEKnTPvhjV6aGeqrCB/sbNop0Kszm0jsaWU4A=="
    },
    "estraverse": {
      "version": "4.3.0",
      "resolved": "https://registry.npmjs.org/estraverse/-/estraverse-4.3.0.tgz",
      "integrity": "sha512-39nnKffWz8xN1BU/2c79n9nB9HDzo0niYUqx6xyqUnyoAnQyyWpOTdZEeiCch8BBu515t4wp9ZmgVfVhn9EBpw=="
    },
    "esutils": {
      "version": "2.0.3",
      "resolved": "https://registry.npmjs.org/esutils/-/esutils-2.0.3.tgz",
      "integrity": "sha512-kVscqXk4OCp68SZ0dkgEKVi6/8ij300KBWTJq32P/dYeWTSwK41WyTxalN1eRmA5Z9UU/LX9D7FWSmV9SAYx6g=="
    },
    "expand-range": {
      "version": "1.8.2",
      "resolved": "https://registry.npmjs.org/expand-range/-/expand-range-1.8.2.tgz",
      "integrity": "sha1-opnv/TNf4nIeuujiV+x5ZE/IUzc=",
      "requires": {
        "fill-range": "^2.1.0"
      }
    },
    "extend": {
      "version": "3.0.2",
      "resolved": "https://registry.npmjs.org/extend/-/extend-3.0.2.tgz",
      "integrity": "sha512-fjquC59cD7CyW6urNXK0FBufkZcoiGG80wTuPujX590cB5Ttln20E2UB4S/WARVqhXffZl2LNgS+gQdPIIim/g=="
    },
    "extend-shallow": {
      "version": "2.0.1",
      "resolved": "https://registry.npmjs.org/extend-shallow/-/extend-shallow-2.0.1.tgz",
      "integrity": "sha1-Ua99YUrZqfYQ6huvu5idaxxWiQ8=",
      "requires": {
        "is-extendable": "^0.1.0"
      }
    },
    "extsprintf": {
      "version": "1.3.0",
      "resolved": "https://registry.npmjs.org/extsprintf/-/extsprintf-1.3.0.tgz",
      "integrity": "sha1-lpGEQOMEGnpBT4xS48V06zw+HgU="
    },
    "fast-deep-equal": {
      "version": "3.1.3",
      "resolved": "https://registry.npmjs.org/fast-deep-equal/-/fast-deep-equal-3.1.3.tgz",
      "integrity": "sha512-f3qQ9oQy9j2AhBe/H9VC91wLmKBCCU/gDOnKNAYG5hswO7BLKj09Hc5HYNz9cGI++xlpDCIgDaitVs03ATR84Q=="
    },
    "fast-json-stable-stringify": {
      "version": "2.1.0",
      "resolved": "https://registry.npmjs.org/fast-json-stable-stringify/-/fast-json-stable-stringify-2.1.0.tgz",
      "integrity": "sha512-lhd/wF+Lk98HZoTCtlVraHtfh5XYijIjalXck7saUtuanSDyLMxnHhSXEDJqHxD7msR8D0uCmqlkwjCV8xvwHw=="
    },
    "fast-levenshtein": {
      "version": "2.0.6",
      "resolved": "https://registry.npmjs.org/fast-levenshtein/-/fast-levenshtein-2.0.6.tgz",
      "integrity": "sha1-PYpcZog6FqMMqGQ+hR8Zuqd5eRc="
    },
    "fill-range": {
      "version": "2.2.4",
      "resolved": "https://registry.npmjs.org/fill-range/-/fill-range-2.2.4.tgz",
      "integrity": "sha512-cnrcCbj01+j2gTG921VZPnHbjmdAf8oQV/iGeV2kZxGSyfYjjTyY79ErsK1WJWMpw6DaApEX72binqJE+/d+5Q==",
      "requires": {
        "is-number": "^2.1.0",
        "isobject": "^2.0.0",
        "randomatic": "^3.0.0",
        "repeat-element": "^1.1.2",
        "repeat-string": "^1.5.2"
      }
    },
    "for-in": {
      "version": "1.0.2",
      "resolved": "https://registry.npmjs.org/for-in/-/for-in-1.0.2.tgz",
      "integrity": "sha1-gQaNKVqBQuwKxybG4iAMMPttXoA="
    },
    "forever-agent": {
      "version": "0.6.1",
      "resolved": "https://registry.npmjs.org/forever-agent/-/forever-agent-0.6.1.tgz",
      "integrity": "sha1-+8cfDEGt6zf5bFd60e1C2P2sypE="
    },
    "form-data": {
      "version": "2.3.3",
      "resolved": "https://registry.npmjs.org/form-data/-/form-data-2.3.3.tgz",
      "integrity": "sha512-1lLKB2Mu3aGP1Q/2eCOx0fNbRMe7XdwktwOruhfqqd0rIJWwN4Dh+E3hrPSlDCXnSR7UtZ1N38rVXm+6+MEhJQ==",
      "requires": {
        "asynckit": "^0.4.0",
        "combined-stream": "^1.0.6",
        "mime-types": "^2.1.12"
      }
    },
    "getpass": {
      "version": "0.1.7",
      "resolved": "https://registry.npmjs.org/getpass/-/getpass-0.1.7.tgz",
      "integrity": "sha1-Xv+OPmhNVprkyysSgmBOi6YhSfo=",
      "requires": {
        "assert-plus": "^1.0.0"
      }
    },
    "gray-matter": {
      "version": "2.1.1",
      "resolved": "https://registry.npmjs.org/gray-matter/-/gray-matter-2.1.1.tgz",
      "integrity": "sha1-MELZrewqHe1qdwep7SOA+KF6Qw4=",
      "requires": {
        "ansi-red": "^0.1.1",
        "coffee-script": "^1.12.4",
        "extend-shallow": "^2.0.1",
        "js-yaml": "^3.8.1",
        "toml": "^2.3.2"
      }
    },
    "gulp-header": {
      "version": "1.8.12",
      "resolved": "https://registry.npmjs.org/gulp-header/-/gulp-header-1.8.12.tgz",
      "integrity": "sha512-lh9HLdb53sC7XIZOYzTXM4lFuXElv3EVkSDhsd7DoJBj7hm+Ni7D3qYbb+Rr8DuM8nRanBvkVO9d7askreXGnQ==",
      "requires": {
        "concat-with-sourcemaps": "*",
        "lodash.template": "^4.4.0",
        "through2": "^2.0.0"
      }
    },
    "har-schema": {
      "version": "2.0.0",
      "resolved": "https://registry.npmjs.org/har-schema/-/har-schema-2.0.0.tgz",
      "integrity": "sha1-qUwiJOvKwEeCoNkDVSHyRzW37JI="
    },
    "har-validator": {
      "version": "5.1.3",
      "resolved": "https://registry.npmjs.org/har-validator/-/har-validator-5.1.3.tgz",
      "integrity": "sha512-sNvOCzEQNr/qrvJgc3UG/kD4QtlHycrzwS+6mfTrrSq97BvaYcPZZI1ZSqGSPR73Cxn4LKTD4PttRwfU7jWq5g==",
      "requires": {
        "ajv": "^6.5.5",
        "har-schema": "^2.0.0"
      }
    },
    "html-encoding-sniffer": {
      "version": "2.0.1",
      "resolved": "https://registry.npmjs.org/html-encoding-sniffer/-/html-encoding-sniffer-2.0.1.tgz",
      "integrity": "sha512-D5JbOMBIR/TVZkubHT+OyT2705QvogUW4IBn6nHd756OwieSF9aDYFj4dv6HHEVGYbHaLETa3WggZYWWMyy3ZQ==",
      "requires": {
        "whatwg-encoding": "^1.0.5"
      }
    },
    "http-signature": {
      "version": "1.2.0",
      "resolved": "https://registry.npmjs.org/http-signature/-/http-signature-1.2.0.tgz",
      "integrity": "sha1-muzZJRFHcvPZW2WmCruPfBj7rOE=",
      "requires": {
        "assert-plus": "^1.0.0",
        "jsprim": "^1.2.2",
        "sshpk": "^1.7.0"
      }
    },
    "iconv-lite": {
      "version": "0.4.24",
      "resolved": "https://registry.npmjs.org/iconv-lite/-/iconv-lite-0.4.24.tgz",
      "integrity": "sha512-v3MXnZAcvnywkTUEZomIActle7RXXeedOR31wwl7VlyoXO4Qi9arvSenNQWne1TcRwhCL1HwLI21bEqdpj8/rA==",
      "requires": {
        "safer-buffer": ">= 2.1.2 < 3"
      }
    },
    "inherits": {
      "version": "2.0.4",
      "resolved": "https://registry.npmjs.org/inherits/-/inherits-2.0.4.tgz",
      "integrity": "sha512-k/vGaX4/Yla3WzyMCvTQOXYeIHvqOKtnqBduzTHpzpQZzAskKMhZ2K+EnBiSM9zGSoIFeMpXKxa4dYeZIQqewQ=="
    },
    "ip-regex": {
      "version": "2.1.0",
      "resolved": "https://registry.npmjs.org/ip-regex/-/ip-regex-2.1.0.tgz",
      "integrity": "sha1-+ni/XS5pE8kRzp+BnuUUa7bYROk="
    },
    "is-buffer": {
      "version": "1.1.6",
      "resolved": "https://registry.npmjs.org/is-buffer/-/is-buffer-1.1.6.tgz",
      "integrity": "sha512-NcdALwpXkTm5Zvvbk7owOUSvVvBKDgKP5/ewfXEznmQFfs4ZRmanOeKBTjRVjka3QFoN6XJ+9F3USqfHqTaU5w=="
    },
    "is-extendable": {
      "version": "0.1.1",
      "resolved": "https://registry.npmjs.org/is-extendable/-/is-extendable-0.1.1.tgz",
      "integrity": "sha1-YrEQ4omkcUGOPsNqYX1HLjAd/Ik="
    },
    "is-number": {
      "version": "2.1.0",
      "resolved": "https://registry.npmjs.org/is-number/-/is-number-2.1.0.tgz",
      "integrity": "sha1-Afy7s5NGOlSPL0ZszhbezknbkI8=",
      "requires": {
        "kind-of": "^3.0.2"
      }
    },
    "is-plain-object": {
      "version": "2.0.4",
      "resolved": "https://registry.npmjs.org/is-plain-object/-/is-plain-object-2.0.4.tgz",
      "integrity": "sha512-h5PpgXkWitc38BBMYawTYMWJHFZJVnBquFE57xFpjB8pJFiF6gZ+bU+WyI/yqXiFR5mdLsgYNaPe8uao6Uv9Og==",
      "requires": {
        "isobject": "^3.0.1"
      },
      "dependencies": {
        "isobject": {
          "version": "3.0.1",
          "resolved": "https://registry.npmjs.org/isobject/-/isobject-3.0.1.tgz",
          "integrity": "sha1-TkMekrEalzFjaqH5yNHMvP2reN8="
        }
      }
    },
    "is-potential-custom-element-name": {
      "version": "1.0.0",
      "resolved": "https://registry.npmjs.org/is-potential-custom-element-name/-/is-potential-custom-element-name-1.0.0.tgz",
      "integrity": "sha1-DFLlS8yjkbssSUsh6GJtczbG45c="
    },
    "is-typedarray": {
      "version": "1.0.0",
      "resolved": "https://registry.npmjs.org/is-typedarray/-/is-typedarray-1.0.0.tgz",
      "integrity": "sha1-5HnICFjfDBsR3dppQPlgEfzaSpo="
    },
    "isarray": {
      "version": "1.0.0",
      "resolved": "https://registry.npmjs.org/isarray/-/isarray-1.0.0.tgz",
      "integrity": "sha1-u5NdSFgsuhaMBoNJV6VKPgcSTxE="
    },
    "isobject": {
      "version": "2.1.0",
      "resolved": "https://registry.npmjs.org/isobject/-/isobject-2.1.0.tgz",
      "integrity": "sha1-8GVWEJaj8dou9GJy+BXIQNh+DIk=",
      "requires": {
        "isarray": "1.0.0"
      }
    },
    "isstream": {
      "version": "0.1.2",
      "resolved": "https://registry.npmjs.org/isstream/-/isstream-0.1.2.tgz",
      "integrity": "sha1-R+Y/evVa+m+S4VAOaQ64uFKcCZo="
    },
    "jquery": {
      "version": "3.5.1",
      "resolved": "https://registry.npmjs.org/jquery/-/jquery-3.5.1.tgz",
      "integrity": "sha512-XwIBPqcMn57FxfT+Go5pzySnm4KWkT1Tv7gjrpT1srtf8Weynl6R273VJ5GjkRb51IzMp5nbaPjJXMWeju2MKg=="
    },
    "js-yaml": {
      "version": "3.14.0",
      "resolved": "https://registry.npmjs.org/js-yaml/-/js-yaml-3.14.0.tgz",
      "integrity": "sha512-/4IbIeHcD9VMHFqDR/gQ7EdZdLimOvW2DdcxFjdyyZ9NsbS+ccrXqVWDtab/lRl5AlUqmpBx8EhPaWR+OtY17A==",
      "requires": {
        "argparse": "^1.0.7",
        "esprima": "^4.0.0"
      }
    },
    "jsbn": {
      "version": "0.1.1",
      "resolved": "https://registry.npmjs.org/jsbn/-/jsbn-0.1.1.tgz",
      "integrity": "sha1-peZUwuWi3rXyAdls77yoDA7y9RM="
    },
    "jsdom": {
      "version": "16.3.0",
      "resolved": "https://registry.npmjs.org/jsdom/-/jsdom-16.3.0.tgz",
      "integrity": "sha512-zggeX5UuEknpdZzv15+MS1dPYG0J/TftiiNunOeNxSl3qr8Z6cIlQpN0IdJa44z9aFxZRIVqRncvEhQ7X5DtZg==",
      "requires": {
        "abab": "^2.0.3",
        "acorn": "^7.1.1",
        "acorn-globals": "^6.0.0",
        "cssom": "^0.4.4",
        "cssstyle": "^2.2.0",
        "data-urls": "^2.0.0",
        "decimal.js": "^10.2.0",
        "domexception": "^2.0.1",
        "escodegen": "^1.14.1",
        "html-encoding-sniffer": "^2.0.1",
        "is-potential-custom-element-name": "^1.0.0",
        "nwsapi": "^2.2.0",
        "parse5": "5.1.1",
        "request": "^2.88.2",
        "request-promise-native": "^1.0.8",
        "saxes": "^5.0.0",
        "symbol-tree": "^3.2.4",
        "tough-cookie": "^3.0.1",
        "w3c-hr-time": "^1.0.2",
        "w3c-xmlserializer": "^2.0.0",
        "webidl-conversions": "^6.1.0",
        "whatwg-encoding": "^1.0.5",
        "whatwg-mimetype": "^2.3.0",
        "whatwg-url": "^8.0.0",
        "ws": "^7.2.3",
        "xml-name-validator": "^3.0.0"
      }
    },
    "json-schema": {
      "version": "0.2.3",
      "resolved": "https://registry.npmjs.org/json-schema/-/json-schema-0.2.3.tgz",
      "integrity": "sha1-tIDIkuWaLwWVTOcnvT8qTogvnhM="
    },
    "json-schema-traverse": {
      "version": "0.4.1",
      "resolved": "https://registry.npmjs.org/json-schema-traverse/-/json-schema-traverse-0.4.1.tgz",
      "integrity": "sha512-xbbCH5dCYU5T8LcEhhuh7HJ88HXuW3qsI3Y0zOZFKfZEHcpWiHU/Jxzk629Brsab/mMiHQti9wMP+845RPe3Vg=="
    },
    "json-stringify-safe": {
      "version": "5.0.1",
      "resolved": "https://registry.npmjs.org/json-stringify-safe/-/json-stringify-safe-5.0.1.tgz",
      "integrity": "sha1-Epai1Y/UXxmg9s4B1lcB4sc1tus="
    },
    "jsprim": {
      "version": "1.4.1",
      "resolved": "https://registry.npmjs.org/jsprim/-/jsprim-1.4.1.tgz",
      "integrity": "sha1-MT5mvB5cwG5Di8G3SZwuXFastqI=",
      "requires": {
        "assert-plus": "1.0.0",
        "extsprintf": "1.3.0",
        "json-schema": "0.2.3",
        "verror": "1.10.0"
      }
    },
    "kind-of": {
      "version": "3.2.2",
      "resolved": "https://registry.npmjs.org/kind-of/-/kind-of-3.2.2.tgz",
      "integrity": "sha1-MeohpzS6ubuw8yRm2JOupR5KPGQ=",
      "requires": {
        "is-buffer": "^1.1.5"
      }
    },
    "lazy-cache": {
      "version": "2.0.2",
      "resolved": "https://registry.npmjs.org/lazy-cache/-/lazy-cache-2.0.2.tgz",
      "integrity": "sha1-uRkKT5EzVGlIQIWfio9whNiCImQ=",
      "requires": {
        "set-getter": "^0.1.0"
      }
    },
    "levn": {
      "version": "0.3.0",
      "resolved": "https://registry.npmjs.org/levn/-/levn-0.3.0.tgz",
      "integrity": "sha1-OwmSTt+fCDwEkP3UwLxEIeBHZO4=",
      "requires": {
        "prelude-ls": "~1.1.2",
        "type-check": "~0.3.2"
      }
    },
    "linkify-it": {
      "version": "3.0.2",
      "resolved": "https://registry.npmjs.org/linkify-it/-/linkify-it-3.0.2.tgz",
      "integrity": "sha512-gDBO4aHNZS6coiZCKVhSNh43F9ioIL4JwRjLZPkoLIY4yZFwg264Y5lu2x6rb1Js42Gh6Yqm2f6L2AJcnkzinQ==",
      "requires": {
        "uc.micro": "^1.0.1"
      }
    },
    "list-item": {
      "version": "1.1.1",
      "resolved": "https://registry.npmjs.org/list-item/-/list-item-1.1.1.tgz",
      "integrity": "sha1-DGXQDih8tmPMs8s4Sad+iewmilY=",
      "requires": {
        "expand-range": "^1.8.1",
        "extend-shallow": "^2.0.1",
        "is-number": "^2.1.0",
        "repeat-string": "^1.5.2"
      }
    },
    "lodash": {
      "version": "4.17.19",
      "resolved": "https://registry.npmjs.org/lodash/-/lodash-4.17.19.tgz",
      "integrity": "sha512-JNvd8XER9GQX0v2qJgsaN/mzFCNA5BRe/j8JN9d+tWyGLSodKQHKFicdwNYzWwI3wjRnaKPsGj1XkBjx/F96DQ=="
    },
    "lodash._reinterpolate": {
      "version": "3.0.0",
      "resolved": "https://registry.npmjs.org/lodash._reinterpolate/-/lodash._reinterpolate-3.0.0.tgz",
      "integrity": "sha1-DM8tiRZq8Ds2Y8eWU4t1rG4RTZ0="
    },
    "lodash.sortby": {
      "version": "4.7.0",
      "resolved": "https://registry.npmjs.org/lodash.sortby/-/lodash.sortby-4.7.0.tgz",
      "integrity": "sha1-7dFMgk4sycHgsKG0K7UhBRakJDg="
    },
    "lodash.template": {
      "version": "4.5.0",
      "resolved": "https://registry.npmjs.org/lodash.template/-/lodash.template-4.5.0.tgz",
      "integrity": "sha512-84vYFxIkmidUiFxidA/KjjH9pAycqW+h980j7Fuz5qxRtO9pgB7MDFTdys1N7A5mcucRiDyEq4fusljItR1T/A==",
      "requires": {
        "lodash._reinterpolate": "^3.0.0",
        "lodash.templatesettings": "^4.0.0"
      }
    },
    "lodash.templatesettings": {
      "version": "4.2.0",
      "resolved": "https://registry.npmjs.org/lodash.templatesettings/-/lodash.templatesettings-4.2.0.tgz",
      "integrity": "sha512-stgLz+i3Aa9mZgnjr/O+v9ruKZsPsndy7qPZOchbqk2cnTU1ZaldKK+v7m54WoKIyxiuMZTKT2H81F8BeAc3ZQ==",
      "requires": {
        "lodash._reinterpolate": "^3.0.0"
      }
    },
    "markdown-it": {
      "version": "11.0.0",
      "resolved": "https://registry.npmjs.org/markdown-it/-/markdown-it-11.0.0.tgz",
      "integrity": "sha512-+CvOnmbSubmQFSA9dKz1BRiaSMV7rhexl3sngKqFyXSagoA3fBdJQ8oZWtRy2knXdpDXaBw44euz37DeJQ9asg==",
      "requires": {
        "argparse": "^1.0.7",
        "entities": "~2.0.0",
        "linkify-it": "^3.0.1",
        "mdurl": "^1.0.1",
        "uc.micro": "^1.0.5"
      }
    },
    "markdown-link": {
      "version": "0.1.1",
      "resolved": "https://registry.npmjs.org/markdown-link/-/markdown-link-0.1.1.tgz",
      "integrity": "sha1-MsXGUZmmRXMWMi0eQinRNAfIx88="
    },
    "markdown-toc": {
      "version": "1.2.0",
      "resolved": "https://registry.npmjs.org/markdown-toc/-/markdown-toc-1.2.0.tgz",
      "integrity": "sha512-eOsq7EGd3asV0oBfmyqngeEIhrbkc7XVP63OwcJBIhH2EpG2PzFcbZdhy1jutXSlRBBVMNXHvMtSr5LAxSUvUg==",
      "requires": {
        "concat-stream": "^1.5.2",
        "diacritics-map": "^0.1.0",
        "gray-matter": "^2.1.0",
        "lazy-cache": "^2.0.2",
        "list-item": "^1.1.1",
        "markdown-link": "^0.1.1",
        "minimist": "^1.2.0",
        "mixin-deep": "^1.1.3",
        "object.pick": "^1.2.0",
        "remarkable": "^1.7.1",
        "repeat-string": "^1.6.1",
        "strip-color": "^0.1.0"
      }
    },
    "marked": {
      "version": "0.3.19",
      "resolved": "https://registry.npmjs.org/marked/-/marked-0.3.19.tgz",
      "integrity": "sha512-ea2eGWOqNxPcXv8dyERdSr/6FmzvWwzjMxpfGB/sbMccXoct+xY+YukPD+QTUZwyvK7BZwcr4m21WBOW41pAkg=="
    },
    "math-random": {
      "version": "1.0.4",
      "resolved": "https://registry.npmjs.org/math-random/-/math-random-1.0.4.tgz",
      "integrity": "sha512-rUxjysqif/BZQH2yhd5Aaq7vXMSx9NdEsQcyA07uEzIvxgI7zIr33gGsh+RU0/XjmQpCW7RsVof1vlkvQVCK5A=="
    },
    "md-2-json": {
      "version": "1.0.6",
      "resolved": "https://registry.npmjs.org/md-2-json/-/md-2-json-1.0.6.tgz",
      "integrity": "sha512-QQuxm5U8urUWgR1LTKOxY1qk7gehjTzW6X49CUfFTfyu9mldkGpCx6Q0A3kmkBfPpHVvk+eGGfjCMPOl758IeA==",
      "requires": {
        "marked": "^0.3.6",
        "traverse": "^0.6.6"
      }
    },
    "mdurl": {
      "version": "1.0.1",
      "resolved": "https://registry.npmjs.org/mdurl/-/mdurl-1.0.1.tgz",
      "integrity": "sha1-/oWy7HWlkDfyrf7BAP1sYBdhFS4="
    },
    "mime-db": {
      "version": "1.44.0",
      "resolved": "https://registry.npmjs.org/mime-db/-/mime-db-1.44.0.tgz",
      "integrity": "sha512-/NOTfLrsPBVeH7YtFPgsVWveuL+4SjjYxaQ1xtM1KMFj7HdxlBlxeyNLzhyJVx7r4rZGJAZ/6lkKCitSc/Nmpg=="
    },
    "mime-types": {
      "version": "2.1.27",
      "resolved": "https://registry.npmjs.org/mime-types/-/mime-types-2.1.27.tgz",
      "integrity": "sha512-JIhqnCasI9yD+SsmkquHBxTSEuZdQX5BuQnS2Vc7puQQQ+8yiP5AY5uWhpdv4YL4VM5c6iliiYWPgJ/nJQLp7w==",
      "requires": {
        "mime-db": "1.44.0"
      }
    },
    "minimist": {
      "version": "1.2.5",
      "resolved": "https://registry.npmjs.org/minimist/-/minimist-1.2.5.tgz",
      "integrity": "sha512-FM9nNUYrRBAELZQT3xeZQ7fmMOBg6nWNmJKTcgsJeaLstP/UODVpGsr5OhXhhXg6f+qtJ8uiZ+PUxkDWcgIXLw=="
    },
    "mixin-deep": {
      "version": "1.3.2",
      "resolved": "https://registry.npmjs.org/mixin-deep/-/mixin-deep-1.3.2.tgz",
      "integrity": "sha512-WRoDn//mXBiJ1H40rqa3vH0toePwSsGb45iInWlTySa+Uu4k3tYUSxa2v1KqAiLtvlrSzaExqS1gtk96A9zvEA==",
      "requires": {
        "for-in": "^1.0.2",
        "is-extendable": "^1.0.1"
      },
      "dependencies": {
        "is-extendable": {
          "version": "1.0.1",
          "resolved": "https://registry.npmjs.org/is-extendable/-/is-extendable-1.0.1.tgz",
          "integrity": "sha512-arnXMxT1hhoKo9k1LZdmlNyJdDDfy2v0fXjFlmok4+i8ul/6WlbVge9bhM74OpNPQPMGUToDtz+KXa1PneJxOA==",
          "requires": {
            "is-plain-object": "^2.0.4"
          }
        }
      }
    },
    "nwsapi": {
      "version": "2.2.0",
      "resolved": "https://registry.npmjs.org/nwsapi/-/nwsapi-2.2.0.tgz",
      "integrity": "sha512-h2AatdwYH+JHiZpv7pt/gSX1XoRGb7L/qSIeuqA6GwYoF9w1vP1cw42TO0aI2pNyshRK5893hNSl+1//vHK7hQ=="
    },
    "oauth-sign": {
      "version": "0.9.0",
      "resolved": "https://registry.npmjs.org/oauth-sign/-/oauth-sign-0.9.0.tgz",
      "integrity": "sha512-fexhUFFPTGV8ybAtSIGbV6gOkSv8UtRbDBnAyLQw4QPKkgNlsH2ByPGtMUqdWkos6YCRmAqViwgZrJc/mRDzZQ=="
    },
    "object.pick": {
      "version": "1.3.0",
      "resolved": "https://registry.npmjs.org/object.pick/-/object.pick-1.3.0.tgz",
      "integrity": "sha1-h6EKxMFpS9Lhy/U1kaZhQftd10c=",
      "requires": {
        "isobject": "^3.0.1"
      },
      "dependencies": {
        "isobject": {
          "version": "3.0.1",
          "resolved": "https://registry.npmjs.org/isobject/-/isobject-3.0.1.tgz",
          "integrity": "sha1-TkMekrEalzFjaqH5yNHMvP2reN8="
        }
      }
    },
    "optionator": {
      "version": "0.8.3",
      "resolved": "https://registry.npmjs.org/optionator/-/optionator-0.8.3.tgz",
      "integrity": "sha512-+IW9pACdk3XWmmTXG8m3upGUJst5XRGzxMRjXzAuJ1XnIFNvfhjjIuYkDvysnPQ7qzqVzLt78BCruntqRhWQbA==",
      "requires": {
        "deep-is": "~0.1.3",
        "fast-levenshtein": "~2.0.6",
        "levn": "~0.3.0",
        "prelude-ls": "~1.1.2",
        "type-check": "~0.3.2",
        "word-wrap": "~1.2.3"
      }
    },
    "parse5": {
      "version": "5.1.1",
      "resolved": "https://registry.npmjs.org/parse5/-/parse5-5.1.1.tgz",
      "integrity": "sha512-ugq4DFI0Ptb+WWjAdOK16+u/nHfiIrcE+sh8kZMaM0WllQKLI9rOUq6c2b7cwPkXdzfQESqvoqK6ug7U/Yyzug=="
    },
    "performance-now": {
      "version": "2.1.0",
      "resolved": "https://registry.npmjs.org/performance-now/-/performance-now-2.1.0.tgz",
      "integrity": "sha1-Ywn04OX6kT7BxpMHrjZLSzd8nns="
    },
    "prelude-ls": {
      "version": "1.1.2",
      "resolved": "https://registry.npmjs.org/prelude-ls/-/prelude-ls-1.1.2.tgz",
      "integrity": "sha1-IZMqVJ9eUv/ZqCf1cOBL5iqX2lQ="
    },
    "process-nextick-args": {
      "version": "2.0.1",
      "resolved": "https://registry.npmjs.org/process-nextick-args/-/process-nextick-args-2.0.1.tgz",
      "integrity": "sha512-3ouUOpQhtgrbOa17J7+uxOTpITYWaGP7/AhoR3+A+/1e9skrzelGi/dXzEYyvbxubEF6Wn2ypscTKiKJFFn1ag=="
    },
    "psl": {
      "version": "1.8.0",
      "resolved": "https://registry.npmjs.org/psl/-/psl-1.8.0.tgz",
      "integrity": "sha512-RIdOzyoavK+hA18OGGWDqUTsCLhtA7IcZ/6NCs4fFJaHBDab+pDDmDIByWFRQJq2Cd7r1OoQxBGKOaztq+hjIQ=="
    },
    "punycode": {
      "version": "2.1.1",
      "resolved": "https://registry.npmjs.org/punycode/-/punycode-2.1.1.tgz",
      "integrity": "sha512-XRsRjdf+j5ml+y/6GKHPZbrF/8p2Yga0JPtdqTIY2Xe5ohJPD9saDJJLPvp9+NSBprVvevdXZybnj2cv8OEd0A=="
    },
    "qs": {
      "version": "6.5.2",
      "resolved": "https://registry.npmjs.org/qs/-/qs-6.5.2.tgz",
      "integrity": "sha512-N5ZAX4/LxJmF+7wN74pUD6qAh9/wnvdQcjq9TZjevvXzSUo7bfmw91saqMjzGS2xq91/odN2dW/WOl7qQHNDGA=="
    },
    "randomatic": {
      "version": "3.1.1",
      "resolved": "https://registry.npmjs.org/randomatic/-/randomatic-3.1.1.tgz",
      "integrity": "sha512-TuDE5KxZ0J461RVjrJZCJc+J+zCkTb1MbH9AQUq68sMhOMcy9jLcb3BrZKgp9q9Ncltdg4QVqWrH02W2EFFVYw==",
      "requires": {
        "is-number": "^4.0.0",
        "kind-of": "^6.0.0",
        "math-random": "^1.0.1"
      },
      "dependencies": {
        "is-number": {
          "version": "4.0.0",
          "resolved": "https://registry.npmjs.org/is-number/-/is-number-4.0.0.tgz",
          "integrity": "sha512-rSklcAIlf1OmFdyAqbnWTLVelsQ58uvZ66S/ZyawjWqIviTWCjg2PzVGw8WUA+nNuPTqb4wgA+NszrJ+08LlgQ=="
        },
        "kind-of": {
          "version": "6.0.3",
          "resolved": "https://registry.npmjs.org/kind-of/-/kind-of-6.0.3.tgz",
          "integrity": "sha512-dcS1ul+9tmeD95T+x28/ehLgd9mENa3LsvDTtzm3vyBEO7RPptvAD+t44WVXaUjTBRcrpFeFlC8WCruUR456hw=="
        }
      }
    },
    "readable-stream": {
      "version": "2.3.7",
      "resolved": "https://registry.npmjs.org/readable-stream/-/readable-stream-2.3.7.tgz",
      "integrity": "sha512-Ebho8K4jIbHAxnuxi7o42OrZgF/ZTNcsZj6nRKyUmkhLFq8CHItp/fy6hQZuZmP/n3yZ9VBUbp4zz/mX8hmYPw==",
      "requires": {
        "core-util-is": "~1.0.0",
        "inherits": "~2.0.3",
        "isarray": "~1.0.0",
        "process-nextick-args": "~2.0.0",
        "safe-buffer": "~5.1.1",
        "string_decoder": "~1.1.1",
        "util-deprecate": "~1.0.1"
      }
    },
    "remarkable": {
      "version": "1.7.4",
      "resolved": "https://registry.npmjs.org/remarkable/-/remarkable-1.7.4.tgz",
      "integrity": "sha512-e6NKUXgX95whv7IgddywbeN/ItCkWbISmc2DiqHJb0wTrqZIexqdco5b8Z3XZoo/48IdNVKM9ZCvTPJ4F5uvhg==",
      "requires": {
        "argparse": "^1.0.10",
        "autolinker": "~0.28.0"
      }
    },
    "repeat-element": {
      "version": "1.1.3",
      "resolved": "https://registry.npmjs.org/repeat-element/-/repeat-element-1.1.3.tgz",
      "integrity": "sha512-ahGq0ZnV5m5XtZLMb+vP76kcAM5nkLqk0lpqAuojSKGgQtn4eRi4ZZGm2olo2zKFH+sMsWaqOCW1dqAnOru72g=="
    },
    "repeat-string": {
      "version": "1.6.1",
      "resolved": "https://registry.npmjs.org/repeat-string/-/repeat-string-1.6.1.tgz",
      "integrity": "sha1-jcrkcOHIirwtYA//Sndihtp15jc="
    },
    "request": {
      "version": "2.88.2",
      "resolved": "https://registry.npmjs.org/request/-/request-2.88.2.tgz",
      "integrity": "sha512-MsvtOrfG9ZcrOwAW+Qi+F6HbD0CWXEh9ou77uOb7FM2WPhwT7smM833PzanhJLsgXjN89Ir6V2PczXNnMpwKhw==",
      "requires": {
        "aws-sign2": "~0.7.0",
        "aws4": "^1.8.0",
        "caseless": "~0.12.0",
        "combined-stream": "~1.0.6",
        "extend": "~3.0.2",
        "forever-agent": "~0.6.1",
        "form-data": "~2.3.2",
        "har-validator": "~5.1.3",
        "http-signature": "~1.2.0",
        "is-typedarray": "~1.0.0",
        "isstream": "~0.1.2",
        "json-stringify-safe": "~5.0.1",
        "mime-types": "~2.1.19",
        "oauth-sign": "~0.9.0",
        "performance-now": "^2.1.0",
        "qs": "~6.5.2",
        "safe-buffer": "^5.1.2",
        "tough-cookie": "~2.5.0",
        "tunnel-agent": "^0.6.0",
        "uuid": "^3.3.2"
      },
      "dependencies": {
        "tough-cookie": {
          "version": "2.5.0",
          "resolved": "https://registry.npmjs.org/tough-cookie/-/tough-cookie-2.5.0.tgz",
          "integrity": "sha512-nlLsUzgm1kfLXSXfRZMc1KLAugd4hqJHDTvc2hDIwS3mZAfMEuMbc03SujMF+GEcpaX/qboeycw6iO8JwVv2+g==",
          "requires": {
            "psl": "^1.1.28",
            "punycode": "^2.1.1"
          }
        }
      }
    },
    "request-promise-core": {
      "version": "1.1.4",
      "resolved": "https://registry.npmjs.org/request-promise-core/-/request-promise-core-1.1.4.tgz",
      "integrity": "sha512-TTbAfBBRdWD7aNNOoVOBH4pN/KigV6LyapYNNlAPA8JwbovRti1E88m3sYAwsLi5ryhPKsE9APwnjFTgdUjTpw==",
      "requires": {
        "lodash": "^4.17.19"
      }
    },
    "request-promise-native": {
      "version": "1.0.9",
      "resolved": "https://registry.npmjs.org/request-promise-native/-/request-promise-native-1.0.9.tgz",
      "integrity": "sha512-wcW+sIUiWnKgNY0dqCpOZkUbF/I+YPi+f09JZIDa39Ec+q82CpSYniDp+ISgTTbKmnpJWASeJBPZmoxH84wt3g==",
      "requires": {
        "request-promise-core": "1.1.4",
        "stealthy-require": "^1.1.1",
        "tough-cookie": "^2.3.3"
      },
      "dependencies": {
        "tough-cookie": {
          "version": "2.5.0",
          "resolved": "https://registry.npmjs.org/tough-cookie/-/tough-cookie-2.5.0.tgz",
          "integrity": "sha512-nlLsUzgm1kfLXSXfRZMc1KLAugd4hqJHDTvc2hDIwS3mZAfMEuMbc03SujMF+GEcpaX/qboeycw6iO8JwVv2+g==",
          "requires": {
            "psl": "^1.1.28",
            "punycode": "^2.1.1"
          }
        }
      }
    },
    "safe-buffer": {
      "version": "5.1.2",
      "resolved": "https://registry.npmjs.org/safe-buffer/-/safe-buffer-5.1.2.tgz",
      "integrity": "sha512-Gd2UZBJDkXlY7GbJxfsE8/nvKkUEU1G38c1siN6QP6a9PT9MmHB8GnpscSmMJSoF8LOIrt8ud/wPtojys4G6+g=="
    },
    "safer-buffer": {
      "version": "2.1.2",
      "resolved": "https://registry.npmjs.org/safer-buffer/-/safer-buffer-2.1.2.tgz",
      "integrity": "sha512-YZo3K82SD7Riyi0E1EQPojLz7kpepnSQI9IyPbHHg1XXXevb5dJI7tpyN2ADxGcQbHG7vcyRHk0cbwqcQriUtg=="
    },
    "saxes": {
      "version": "5.0.1",
      "resolved": "https://registry.npmjs.org/saxes/-/saxes-5.0.1.tgz",
      "integrity": "sha512-5LBh1Tls8c9xgGjw3QrMwETmTMVk0oFgvrFSvWx62llR2hcEInrKNZ2GZCCuuy2lvWrdl5jhbpeqc5hRYKFOcw==",
      "requires": {
        "xmlchars": "^2.2.0"
      }
    },
    "set-getter": {
      "version": "0.1.0",
      "resolved": "https://registry.npmjs.org/set-getter/-/set-getter-0.1.0.tgz",
      "integrity": "sha1-12nBgsnVpR9AkUXy+6guXoboA3Y=",
      "requires": {
        "to-object-path": "^0.3.0"
      }
    },
    "source-map": {
      "version": "0.6.1",
      "resolved": "https://registry.npmjs.org/source-map/-/source-map-0.6.1.tgz",
      "integrity": "sha512-UjgapumWlbMhkBgzT7Ykc5YXUT46F0iKu8SGXq0bcwP5dz/h0Plj6enJqjz1Zbq2l5WaqYnrVbwWOWMyF3F47g=="
    },
    "sprintf-js": {
      "version": "1.0.3",
      "resolved": "https://registry.npmjs.org/sprintf-js/-/sprintf-js-1.0.3.tgz",
      "integrity": "sha1-BOaSb2YolTVPPdAVIDYzuFcpfiw="
    },
    "sshpk": {
      "version": "1.16.1",
      "resolved": "https://registry.npmjs.org/sshpk/-/sshpk-1.16.1.tgz",
      "integrity": "sha512-HXXqVUq7+pcKeLqqZj6mHFUMvXtOJt1uoUx09pFW6011inTMxqI8BA8PM95myrIyyKwdnzjdFjLiE6KBPVtJIg==",
      "requires": {
        "asn1": "~0.2.3",
        "assert-plus": "^1.0.0",
        "bcrypt-pbkdf": "^1.0.0",
        "dashdash": "^1.12.0",
        "ecc-jsbn": "~0.1.1",
        "getpass": "^0.1.1",
        "jsbn": "~0.1.0",
        "safer-buffer": "^2.0.2",
        "tweetnacl": "~0.14.0"
      }
    },
    "stealthy-require": {
      "version": "1.1.1",
      "resolved": "https://registry.npmjs.org/stealthy-require/-/stealthy-require-1.1.1.tgz",
      "integrity": "sha1-NbCYdbT/SfJqd35QmzCQoyJr8ks="
    },
    "string_decoder": {
      "version": "1.1.1",
      "resolved": "https://registry.npmjs.org/string_decoder/-/string_decoder-1.1.1.tgz",
      "integrity": "sha512-n/ShnvDi6FHbbVfviro+WojiFzv+s8MPMHBczVePfUpDJLwoLT0ht1l4YwBCbi8pJAveEEdnkHyPyTP/mzRfwg==",
      "requires": {
        "safe-buffer": "~5.1.0"
      }
    },
    "strip-color": {
      "version": "0.1.0",
      "resolved": "https://registry.npmjs.org/strip-color/-/strip-color-0.1.0.tgz",
      "integrity": "sha1-EG9l09PmotlAHKwOsM6LinArT3s="
    },
    "symbol-tree": {
      "version": "3.2.4",
      "resolved": "https://registry.npmjs.org/symbol-tree/-/symbol-tree-3.2.4.tgz",
      "integrity": "sha512-9QNk5KwDF+Bvz+PyObkmSYjI5ksVUYtjW7AU22r2NKcfLJcXp96hkDWU3+XndOsUb+AQ9QhfzfCT2O+CNWT5Tw=="
    },
    "through2": {
      "version": "2.0.5",
      "resolved": "https://registry.npmjs.org/through2/-/through2-2.0.5.tgz",
      "integrity": "sha512-/mrRod8xqpA+IHSLyGCQ2s8SPHiCDEeQJSep1jqLYeEUClOFG2Qsh+4FU6G9VeqpZnGW/Su8LQGc4YKni5rYSQ==",
      "requires": {
        "readable-stream": "~2.3.6",
        "xtend": "~4.0.1"
      }
    },
    "to-object-path": {
      "version": "0.3.0",
      "resolved": "https://registry.npmjs.org/to-object-path/-/to-object-path-0.3.0.tgz",
      "integrity": "sha1-KXWIt7Dn4KwI4E5nL4XB9JmeF68=",
      "requires": {
        "kind-of": "^3.0.2"
      }
    },
    "toml": {
      "version": "2.3.6",
      "resolved": "https://registry.npmjs.org/toml/-/toml-2.3.6.tgz",
      "integrity": "sha512-gVweAectJU3ebq//Ferr2JUY4WKSDe5N+z0FvjDncLGyHmIDoxgY/2Ie4qfEIDm4IS7OA6Rmdm7pdEEdMcV/xQ=="
    },
    "tough-cookie": {
      "version": "3.0.1",
      "resolved": "https://registry.npmjs.org/tough-cookie/-/tough-cookie-3.0.1.tgz",
      "integrity": "sha512-yQyJ0u4pZsv9D4clxO69OEjLWYw+jbgspjTue4lTQZLfV0c5l1VmK2y1JK8E9ahdpltPOaAThPcp5nKPUgSnsg==",
      "requires": {
        "ip-regex": "^2.1.0",
        "psl": "^1.1.28",
        "punycode": "^2.1.1"
      }
    },
    "tr46": {
      "version": "2.0.2",
      "resolved": "https://registry.npmjs.org/tr46/-/tr46-2.0.2.tgz",
      "integrity": "sha512-3n1qG+/5kg+jrbTzwAykB5yRYtQCTqOGKq5U5PE3b0a1/mzo6snDhjGS0zJVJunO0NrT3Dg1MLy5TjWP/UJppg==",
      "requires": {
        "punycode": "^2.1.1"
      }
    },
    "traverse": {
      "version": "0.6.6",
      "resolved": "https://registry.npmjs.org/traverse/-/traverse-0.6.6.tgz",
      "integrity": "sha1-y99WD9e5r2MlAv7UD5GMFX6pcTc="
    },
    "tunnel-agent": {
      "version": "0.6.0",
      "resolved": "https://registry.npmjs.org/tunnel-agent/-/tunnel-agent-0.6.0.tgz",
      "integrity": "sha1-J6XeoGs2sEoKmWZ3SykIaPD8QP0=",
      "requires": {
        "safe-buffer": "^5.0.1"
      }
    },
    "tweetnacl": {
      "version": "0.14.5",
      "resolved": "https://registry.npmjs.org/tweetnacl/-/tweetnacl-0.14.5.tgz",
      "integrity": "sha1-WuaBd/GS1EViadEIr6k/+HQ/T2Q="
    },
    "type-check": {
      "version": "0.3.2",
      "resolved": "https://registry.npmjs.org/type-check/-/type-check-0.3.2.tgz",
      "integrity": "sha1-WITKtRLPHTVeP7eE8wgEsrUg23I=",
      "requires": {
        "prelude-ls": "~1.1.2"
      }
    },
    "typedarray": {
      "version": "0.0.6",
      "resolved": "https://registry.npmjs.org/typedarray/-/typedarray-0.0.6.tgz",
      "integrity": "sha1-hnrHTjhkGHsdPUfZlqeOxciDB3c="
    },
    "uc.micro": {
      "version": "1.0.6",
      "resolved": "https://registry.npmjs.org/uc.micro/-/uc.micro-1.0.6.tgz",
      "integrity": "sha512-8Y75pvTYkLJW2hWQHXxoqRgV7qb9B+9vFEtidML+7koHUFapnVJAZ6cKs+Qjz5Aw3aZWHMC6u0wJE3At+nSGwA=="
    },
    "uri-js": {
      "version": "4.2.2",
      "resolved": "https://registry.npmjs.org/uri-js/-/uri-js-4.2.2.tgz",
      "integrity": "sha512-KY9Frmirql91X2Qgjry0Wd4Y+YTdrdZheS8TFwvkbLWf/G5KNJDCh6pKL5OZctEW4+0Baa5idK2ZQuELRwPznQ==",
      "requires": {
        "punycode": "^2.1.0"
      }
    },
    "util-deprecate": {
      "version": "1.0.2",
      "resolved": "https://registry.npmjs.org/util-deprecate/-/util-deprecate-1.0.2.tgz",
      "integrity": "sha1-RQ1Nyfpw3nMnYvvS1KKJgUGaDM8="
    },
    "uuid": {
      "version": "3.4.0",
      "resolved": "https://registry.npmjs.org/uuid/-/uuid-3.4.0.tgz",
      "integrity": "sha512-HjSDRw6gZE5JMggctHBcjVak08+KEVhSIiDzFnT9S9aegmp85S/bReBVTb4QTFaRNptJ9kuYaNhnbNEOkbKb/A=="
    },
    "verror": {
      "version": "1.10.0",
      "resolved": "https://registry.npmjs.org/verror/-/verror-1.10.0.tgz",
      "integrity": "sha1-OhBcoXBTr1XW4nDB+CiGguGNpAA=",
      "requires": {
        "assert-plus": "^1.0.0",
        "core-util-is": "1.0.2",
        "extsprintf": "^1.2.0"
      }
    },
    "w3c-hr-time": {
      "version": "1.0.2",
      "resolved": "https://registry.npmjs.org/w3c-hr-time/-/w3c-hr-time-1.0.2.tgz",
      "integrity": "sha512-z8P5DvDNjKDoFIHK7q8r8lackT6l+jo/Ye3HOle7l9nICP9lf1Ci25fy9vHd0JOWewkIFzXIEig3TdKT7JQ5fQ==",
      "requires": {
        "browser-process-hrtime": "^1.0.0"
      }
    },
    "w3c-xmlserializer": {
      "version": "2.0.0",
      "resolved": "https://registry.npmjs.org/w3c-xmlserializer/-/w3c-xmlserializer-2.0.0.tgz",
      "integrity": "sha512-4tzD0mF8iSiMiNs30BiLO3EpfGLZUT2MSX/G+o7ZywDzliWQ3OPtTZ0PTC3B3ca1UAf4cJMHB+2Bf56EriJuRA==",
      "requires": {
        "xml-name-validator": "^3.0.0"
      }
    },
    "webidl-conversions": {
      "version": "6.1.0",
      "resolved": "https://registry.npmjs.org/webidl-conversions/-/webidl-conversions-6.1.0.tgz",
      "integrity": "sha512-qBIvFLGiBpLjfwmYAaHPXsn+ho5xZnGvyGvsarywGNc8VyQJUMHJ8OBKGGrPER0okBeMDaan4mNBlgBROxuI8w=="
    },
    "whatwg-encoding": {
      "version": "1.0.5",
      "resolved": "https://registry.npmjs.org/whatwg-encoding/-/whatwg-encoding-1.0.5.tgz",
      "integrity": "sha512-b5lim54JOPN9HtzvK9HFXvBma/rnfFeqsic0hSpjtDbVxR3dJKLc+KB4V6GgiGOvl7CY/KNh8rxSo9DKQrnUEw==",
      "requires": {
        "iconv-lite": "0.4.24"
      }
    },
    "whatwg-mimetype": {
      "version": "2.3.0",
      "resolved": "https://registry.npmjs.org/whatwg-mimetype/-/whatwg-mimetype-2.3.0.tgz",
      "integrity": "sha512-M4yMwr6mAnQz76TbJm914+gPpB/nCwvZbJU28cUD6dR004SAxDLOOSUaB1JDRqLtaOV/vi0IC5lEAGFgrjGv/g=="
    },
    "whatwg-url": {
      "version": "8.1.0",
      "resolved": "https://registry.npmjs.org/whatwg-url/-/whatwg-url-8.1.0.tgz",
      "integrity": "sha512-vEIkwNi9Hqt4TV9RdnaBPNt+E2Sgmo3gePebCRgZ1R7g6d23+53zCTnuB0amKI4AXq6VM8jj2DUAa0S1vjJxkw==",
      "requires": {
        "lodash.sortby": "^4.7.0",
        "tr46": "^2.0.2",
        "webidl-conversions": "^5.0.0"
      },
      "dependencies": {
        "webidl-conversions": {
          "version": "5.0.0",
          "resolved": "https://registry.npmjs.org/webidl-conversions/-/webidl-conversions-5.0.0.tgz",
          "integrity": "sha512-VlZwKPCkYKxQgeSbH5EyngOmRp7Ww7I9rQLERETtf5ofd9pGeswWiOtogpEO850jziPRarreGxn5QIiTqpb2wA=="
        }
      }
    },
    "word-wrap": {
      "version": "1.2.3",
      "resolved": "https://registry.npmjs.org/word-wrap/-/word-wrap-1.2.3.tgz",
      "integrity": "sha512-Hz/mrNwitNRh/HUAtM/VT/5VH+ygD6DV7mYKZAtHOrbs8U7lvPS6xf7EJKMF0uW1KJCl0H701g3ZGus+muE5vQ=="
    },
    "ws": {
      "version": "7.3.1",
      "resolved": "https://registry.npmjs.org/ws/-/ws-7.3.1.tgz",
      "integrity": "sha512-D3RuNkynyHmEJIpD2qrgVkc9DQ23OrN/moAwZX4L8DfvszsJxpjQuUq3LMx6HoYji9fbIOBY18XWBsAux1ZZUA=="
    },
    "xml-name-validator": {
      "version": "3.0.0",
      "resolved": "https://registry.npmjs.org/xml-name-validator/-/xml-name-validator-3.0.0.tgz",
      "integrity": "sha512-A5CUptxDsvxKJEU3yO6DuWBSJz/qizqzJKOMIfUJHETbBw/sFaDxgd6fxm1ewUaM0jZ444Fc5vC5ROYurg/4Pw=="
    },
    "xmlchars": {
      "version": "2.2.0",
      "resolved": "https://registry.npmjs.org/xmlchars/-/xmlchars-2.2.0.tgz",
      "integrity": "sha512-JZnDKK8B0RCDw84FNdDAIpZK+JuJw+s7Lz8nksI7SIuU3UXJJslUthsi+uWBUYOwPFwW7W7PRLRfUKpxjtjFCw=="
    },
    "xtend": {
      "version": "4.0.2",
      "resolved": "https://registry.npmjs.org/xtend/-/xtend-4.0.2.tgz",
      "integrity": "sha512-LKYU1iAXJXUgAXn9URjiu+MWhyUXHsvfp7mcuYm9dSUKK0/CjtrUwFAxD82/mCWbtLsGjFIad0wIsod4zrTAEQ=="
    }
  }
}
